github.com/auth0/go-jwt-middleware/v2 v2.3.0/go.mod h1:dL4ObBs1/dj4/W4cYxd8rqAdDGXYyd5rqbpMIxcbVrU=
github.com/aws/aws-sdk-go-v2 v1.38.1/go.mod h1:9Q0OoGQoboYIAJyslFyF1f5K1Ryddop8gqMhWx/n4Wg=
github.com/aws/aws-sdk-go-v2/config v1.27.35/go.mod h1:qnpEvTq8ZfjrCqmJGRfWZuF+lGZ/vG8LK2K0L/TY1gQ=
github.com/aws/aws-sdk-go-v2/credentials v1.17.33/go.mod h1:MBuqCUOT3ChfLuxNDGyra67eskx7ge9e3YKYBce7wpI=
github.com/aws/aws-sdk-go-v2/feature/ec2/imds v1.16.13/go.mod h1:NG7RXPUlqfsCLLFfi0+IpKN4sCB9D9fw/qTaSB+xRoU=
github.com/aws/aws-sdk-go-v2/internal/configsources v1.4.4/go.mod h1:l4bdfCD7XyyZA9BolKBo1eLqgaJxl0/x91PL4Yqe0ao=
github.com/aws/aws-sdk-go-v2/internal/endpoints/v2 v2.7.4/go.mod h1:yDmJgqOiH4EA8Hndnv4KwAo8jCGTSnM5ASG1nBI+toA=
github.com/aws/aws-sdk-go-v2/internal/ini v1.8.1/go.mod h1:FbtygfRFze9usAadmnGJNc8KsP346kEe+y2/oyhGAGc=
github.com/aws/aws-sdk-go-v2/service/internal/accept-encoding v1.11.4/go.mod h1:Vz1JQXliGcQktFTN/LN6uGppAIRoLBR2bMvIMP0gOjc=
github.com/aws/aws-sdk-go-v2/service/internal/presigned-url v1.11.19/go.mod h1:SCWkEdRq8/7EK60NcvvQ6NXKuTcchAD4ROAsC37VEZE=
github.com/aws/aws-sdk-go-v2/service/kms v1.44.2/go.mod h1:zgkQ8ige7qtxldA4cGtiXdbql3dBo4TfsP6uQyHwq0E=
github.com/aws/aws-sdk-go-v2/service/sso v1.22.8/go.mod h1:eEygMHnTKH/3kNp9Jr1n3PdejuSNcgwLe1dWgQtO0VQ=
github.com/aws/aws-sdk-go-v2/service/ssooidc v1.26.8/go.mod h1:bCbAxKDqNvkHxRaIMnyVPXPo+OaPRwvmgzMxbz1VKSA=
github.com/aws/aws-sdk-go-v2/service/sts v1.30.8/go.mod h1:NXi1dIAGteSaRLqYgarlhP/Ij0cFT+qmCwiJqWh/U5o=
github.com/aws/smithy-go v1.22.5/go.mod h1:t1ufH5HMublsJYulve2RKmHDC15xu1f26kHCp/HgceI=
github.com/bradleyfalzon/ghinstallation/v2 v2.16.0/go.mod h1:OeVe5ggFzoBnmgitZe/A+BqGOnv1DvU/0uiLQi1wutM=
github.com/buildkite/go-buildkite/v4 v4.5.1/go.mod h1:fMPu+/7hXzJ7Gy3HpGuVCLgeHqzDdrgHuwQvt8p370I=
github.com/cenkalti/backoff v2.2.1+incompatible/go.mod h1:90ReRw6GdpyfrHakVjL/QHaoyV4aDUVVkXQJJJ3NXXM=
github.com/cenkalti/backoff/v4 v4.3.0/go.mod h1:Y3VNntkOUPxTVeUxJ/G5vcM//AlwfmyYozVcomhLiZE=
github.com/coreos/go-systemd/v22 v22.5.0/go.mod h1:Y58oyj3AT4RCenI/lSvhwexgC+NSVTIJ3seZv2GcEnc=
github.com/davecgh/go-spew v1.1.1/go.mod h1:J7Y8YcW2NihsgmVo/mv3lAwl/skON4iLHjSsI+c5H38=
github.com/felixge/httpsnoop v1.0.4/go.mod h1:m8KPJKqk1gH5J9DgRY2ASl2lWCfGKXixSwevea8zH2U=
github.com/go-jose/go-jose/v4 v4.0.5/go.mod h1:s3P1lRrkT8igV8D9OjyL4WRyHvjB6a4JSllnOrmmBOA=
github.com/go-logr/logr v1.2.2/go.mod h1:jdQByPbusPIv2/zmleS9BjJVeZ6kBagPoEUsqbVz/1A=
github.com/go-logr/logr v1.4.3/go.mod h1:9T104GzyrTigFIr8wt5mBrctHMim0Nb2HLGrmQ40KvY=
github.com/go-logr/stdr v1.2.2/go.mod h1:mMo/vtBO5dYbehREoey6XUKy/eSumjCCveDpRre4VKE=
github.com/go-logr/zerologr v1.2.3/go.mod h1:BxwGo7y5zgSHYR1BjbnHPyF/5ZjVKfKxAZANVu6E8Ho=
github.com/godbus/dbus/v5 v5.0.4/go.mod h1:xhWf0FNVPg57R7Z0UbKHbJfkEywrmjJnf7w5xrFpKfA=
github.com/golang-jwt/jwt/v4 v4.5.2/go.mod h1:m21LjoU+eqJr34lmDMbreY2eSTRJ1cv77w39/MY0Ch0=
github.com/google/go-cmp v0.5.2/go.mod h1:v8dTdLbMG2kIc/vJvl+f65V22dbkXbowE6jgT/gNBxE=
github.com/google/go-github/v72 v72.0.0/go.mod h1:WWtw8GMRiL62mvIquf1kO3onRHeWWKmK01qdCY8c5fg=
github.com/google/go-github/v74 v74.0.0/go.mod h1:ubn/YdyftV80VPSI26nSJvaEsTOnsjrxG3o9kJhcyak=
github.com/google/go-querystring v1.1.0/go.mod h1:Kcdr2DB4koayq7X8pmAG4sNG59So17icRSOU623lUBU=
github.com/google/uuid v1.6.0/go.mod h1:TIyPZe4MgqvfeYDBFedMoGGpEw/LqOeaOT+nhxU+yHo=
github.com/grpc-ecosystem/grpc-gateway/v2 v2.22.0/go.mod h1:ggCgvZ2r7uOoQjOyu2Y1NhHmEPPzzuhWgcza5M1Ji1I=
github.com/justinas/alice v1.2.0/go.mod h1:fN5HRH/reO/zrUflLfTN43t3vXvKzvZIENsNEe7i7qA=
github.com/mattn/go-colorable v0.1.13/go.mod h1:7S9/ev0klgBDR4GtXTXX8a3vIGJpMovkB8vQcUbaXHg=
github.com/mattn/go-isatty v0.0.16/go.mod h1:kYGgaQfpe5nmfYZH+SKPsOc2e4SrIfOl2e/yFXSvRLM=
github.com/mattn/go-isatty v0.0.19/go.mod h1:W+V8PltTTMOvKvAeJH7IuucS94S2C6jfK/D7dTCTo3Y=
github.com/mattn/go-isatty v0.0.20/go.mod h1:W+V8PltTTMOvKvAeJH7IuucS94S2C6jfK/D7dTCTo3Y=
github.com/maypok86/otter/v2 v2.2.0/go.mod h1:jX2xEKz9PrNVbDqnk8JUuOt5kURK8h7jd1kDYI5QsZk=
github.com/pkg/errors v0.9.1/go.mod h1:bwawxfHBFNV+L2hUp1rHADufV3IMtnDRdf1r5NINEl0=
github.com/pmezard/go-difflib v1.0.0/go.mod h1:iKH77koFhYxTK1pcRnkKkqfTogsbg7gZNVY4sRDYZ/4=
github.com/rs/xid v1.6.0/go.mod h1:7XoLgs4eV+QndskICGsho+ADou8ySMSjJKDIan90Nz0=
github.com/rs/zerolog v1.34.0/go.mod h1:bJsvje4Z08ROH4Nhs5iH600c3IkWhwp44iRc54W6wYQ=
github.com/sethvargo/go-envconfig v1.3.0/go.mod h1:JLd0KFWQYzyENqnEPWWZ49i4vzZo/6nRidxI8YvGiHw=
github.com/stretchr/objx v0.5.2/go.mod h1:FRsXN1f5AsAjCGJKqEizvkpNtU+EGNCLh3NxZ/8L+MA=
github.com/stretchr/testify v1.10.0/go.mod h1:r2ic/lqez/lEtzL7wO/rwa5dbSLXVDPFyf8C91i36aY=
go.opentelemetry.io/auto/sdk v1.1.0/go.mod h1:3wSPjt5PWp2RhlCcmmOial7AvC4DQqZb7a7wCow3W8A=
go.opentelemetry.io/contrib/instrumentation/net/http/httptrace/otelhttptrace v0.55.0/go.mod h1:rsg1EO8LXSs2po50PB5CeY/MSVlhghuKBgXlKnqm6ks=
go.opentelemetry.io/contrib/instrumentation/net/http/otelhttp v0.55.0/go.mod h1:DQAwmETtZV00skUwgD6+0U89g80NKsJE3DCKeLLPQMI=
go.opentelemetry.io/otel v1.37.0/go.mod h1:ehE/umFRLnuLa/vSccNq9oS1ErUlkkK71gMcN34UG8I=
go.opentelemetry.io/otel/exporters/otlp/otlpmetric/otlpmetricgrpc v1.30.0/go.mod h1:U79SV99vtvGSEBeeHnpgGJfTsnsdkWLpPN/CcHAzBSI=
go.opentelemetry.io/otel/exporters/otlp/otlptrace v1.30.0/go.mod h1:KQsVNh4OjgjTG0G6EiNi1jVpnaeeKsKMRwbLN+f1+8M=
go.opentelemetry.io/otel/exporters/otlp/otlptrace/otlptracegrpc v1.30.0/go.mod h1:wBQbT4UekBfegL2nx0Xk1vBcnzyBPsIVm9hRG4fYcr4=
go.opentelemetry.io/otel/exporters/stdout/stdoutmetric v1.30.0/go.mod h1:bxiX8eUeKoAEQmbq/ecUT8UqZwCjZW52yJrXJUSozsk=
go.opentelemetry.io/otel/exporters/stdout/stdouttrace v1.30.0/go.mod h1:ljkUDtAMdleoi9tIG1R6dJUpVwDcYjw3J2Q6Q/SuiC0=
go.opentelemetry.io/otel/metric v1.37.0/go.mod h1:04wGrZurHYKOc+RKeye86GwKiTb9FKm1WHtO+4EVr2E=
go.opentelemetry.io/otel/sdk v1.37.0/go.mod h1:VredYzxUvuo2q3WRcDnKDjbdvmO0sCzOvVAiY+yUkAg=
go.opentelemetry.io/otel/sdk/metric v1.30.0/go.mod h1:waS6P3YqFNzeP01kuo/MBBYqaoBJl7efRQHOaydhy1Y=
go.opentelemetry.io/otel/trace v1.37.0/go.mod h1:TlgrlQ+PtQO5XFerSPUYG0JSgGyryXewPGyayAWSBS0=
go.opentelemetry.io/proto/otlp v1.3.1/go.mod h1:0X1WI4de4ZsLrrJNLAQbFeLCm3T7yBkR0XqQ7niQU+8=
golang.org/x/crypto v0.36.0/go.mod h1:Y4J0ReaxCR1IMaabaSMugxJES1EpwhBHhv2bDHklZvc=
golang.org/x/net v0.38.0/go.mod h1:ivrbrMbzFq5J41QOQh0siUuly180yBYtLp+CKbEaFx8=
golang.org/x/sync v0.16.0/go.mod h1:1dzgHSNfp02xaA81J2MS99Qcpr2w7fw1gpm99rleRqA=
golang.org/x/sys v0.0.0-20220811171246-fbc7d0a398ab/go.mod h1:oPkhp1MJrh7nUepCBck5+mAzfO9JrbApNNgaTdGDITg=
golang.org/x/sys v0.6.0/go.mod h1:oPkhp1MJrh7nUepCBck5+mAzfO9JrbApNNgaTdGDITg=
golang.org/x/sys v0.12.0/go.mod h1:oPkhp1MJrh7nUepCBck5+mAzfO9JrbApNNgaTdGDITg=
golang.org/x/sys v0.33.0/go.mod h1:BJP2sWEmIv4KK5OTEluFJCKSidICx8ciO85XgH3Ak8k=
golang.org/x/text v0.28.0/go.mod h1:U8nCwOR8jO/marOQ0QbDiOngZVEBB7MAiitBuMjXiNU=
golang.org/x/xerrors v0.0.0-20191204190536-9bdfabe68543/go.mod h1:I/5z698sn9Ka8TeJc9MKroUUfqBBauWjQqLJ2OPfmY0=
google.golang.org/genproto/googleapis/api v0.0.0-20240903143218-8af14fe29dc1/go.mod h1:qpvKtACPCQhAdu3PyQgV4l3LMXZEtft7y8QcarRsp9I=
google.golang.org/genproto/googleapis/rpc v0.0.0-20240903143218-8af14fe29dc1/go.mod h1:UqMtugtsSgubUsoxbuAoiCXvqvErP7Gf0so0mK9tHxU=
google.golang.org/grpc v1.66.2/go.mod h1:s3/l6xSSCURdVfAnL+TqCNMyTDAGN6+lZeVxnZR128Y=
google.golang.org/protobuf v1.34.2/go.mod h1:qYOHts0dSfpeUzUFpOMr/WGzszTmLH+DiWniOlNbLDw=
gopkg.in/check.v1 v0.0.0-20161208181325-20d25e280405/go.mod h1:Co6ibVJAznAaIkqp8huTwlJQCZ016jof/cbN4VW5Yz0=
gopkg.in/go-jose/go-jose.v2 v2.6.3/go.mod h1:zzZDPkNNw/c9IE7Z9jr11mBZQhKQTMzoEEIoEdZlFBI=
gopkg.in/yaml.v3 v3.0.1/go.mod h1:K4uyk7z7BCEPqu6E+C64Yfv1cQ7kz7rIZviUmN+EgEM=
